
Microsoft Visual Studio Solution File, Format Version 12.00
# Visual Studio 15
VisualStudioVersion = 15.0.28010.2050
MinimumVisualStudioVersion = 10.0.40219.1
Project("{FAE04EC0-301F-11D3-BF4B-00C04F79EFBC}") = "MvcKnowledgeSystem", "MvcKnowledgeSystem\MvcKnowledgeSystem.csproj", "{A5FCC437-7DAC-4E49-A2E1-B2FDAC66C179}"
EndProject
Global
	GlobalSection(SolutionConfigurationPlatforms) = preSolution
		Debug|Any CPU = Debug|Any CPU
		Release|Any CPU = Release|Any CPU
	EndGlobalSection
	GlobalSection(ProjectConfigurationPlatforms) = postSolution
		{A5FCC437-7DAC-4E49-A2E1-B2FDAC66C179}.Debug|Any CPU.ActiveCfg = Debug|Any CPU
		{A5FCC437-7DAC-4E49-A2E1-B2FDAC66C179}.Debug|Any CPU.Build.0 = Debug|Any CPU
		{A5FCC437-7DAC-4E49-A2E1-B2FDAC66C179}.Release|Any CPU.ActiveCfg = Release|Any CPU
		{A5FCC437-7DAC-4E49-A2E1-B2FDAC66C179}.Release|Any CPU.Build.0 = Release|Any CPU
	EndGlobalSection
	GlobalSection(SolutionProperties) = preSolution
		HideSolutionNode = FALSE
	EndGlobalSection
	GlobalSection(ExtensibilityGlobals) = postSolution
		SolutionGuid = {F74BEFF1-20E6-4D42-9369-815F2D01F2F9}
	EndGlobalSection
EndGlobal
